
Microsoft Visual Studio Solution File, Format Version 12.00
# Visual Studio Version 16
VisualStudioVersion = 16.0.30907.101
MinimumVisualStudioVersion = 10.0.40219.1
Project("{FAE04EC0-301F-11D3-BF4B-00C04F79EFBC}") = "FixUtf8", "FixUtf8\FixUtf8.csproj", "{79BEC3B9-8CD4-45F9-AA11-4D4750362B2A}"
EndProject
Global
	GlobalSection(SolutionConfigurationPlatforms) = preSolution
		Debug|Any CPU = Debug|Any CPU
		Release|Any CPU = Release|Any CPU
	EndGlobalSection
	GlobalSection(ProjectConfigurationPlatforms) = postSolution
		{79BEC3B9-8CD4-45F9-AA11-4D4750362B2A}.Debug|Any CPU.ActiveCfg = Debug|Any CPU
		{79BEC3B9-8CD4-45F9-AA11-4D4750362B2A}.Debug|Any CPU.Build.0 = Debug|Any CPU
		{79BEC3B9-8CD4-45F9-AA11-4D4750362B2A}.Release|Any CPU.ActiveCfg = Release|Any CPU
		{79BEC3B9-8CD4-45F9-AA11-4D4750362B2A}.Release|Any CPU.Build.0 = Release|Any CPU
	EndGlobalSection
	GlobalSection(SolutionProperties) = preSolution
		HideSolutionNode = FALSE
	EndGlobalSection
	GlobalSection(ExtensibilityGlobals) = postSolution
		SolutionGuid = {0CD7DD7C-F15A-4A7E-AF2C-759A614DBB88}
	EndGlobalSection
EndGlobal
